{
  "nodes": {
    "disko": {
      "inputs": {
        "nixpkgs": [
          "nixpkgs"
        ]
      },
      "locked": {
        "lastModified": 1710332572,
        "narHash": "sha256-7JYT5Qya6QuM2szCrdVcNghoz7ar+ClzaqKJ4cfJaKQ=",
        "owner": "nix-community",
        "repo": "disko",
        "rev": "59e50d4ecbac78701c2f9950ff2b886ac66741ce",
        "type": "github"
      },
      "original": {
        "owner": "nix-community",
        "repo": "disko",
        "type": "github"
      }
    },
    "flake-parts": {
      "inputs": {
        "nixpkgs-lib": "nixpkgs-lib"
      },
      "locked": {
        "lastModified": 1709336216,
        "narHash": "sha256-Dt/wOWeW6Sqm11Yh+2+t0dfEWxoMxGBvv3JpIocFl9E=",
        "owner": "hercules-ci",
        "repo": "flake-parts",
        "rev": "f7b3c975cf067e56e7cda6cb098ebe3fb4d74ca2",
        "type": "github"
      },
      "original": {
        "id": "flake-parts",
        "type": "indirect"
      }
    },
    "home-manager": {
      "inputs": {
        "nixpkgs": [
          "nixpkgs"
        ]
      },
      "locked": {
        "lastModified": 1710349883,
        "narHash": "sha256-bjbdS2mC76xNJwt1d/uZa+JdHR8CCyYbF4Ey/NgOJus=",
        "owner": "nix-community",
        "repo": "home-manager",
        "rev": "2f0db7d418e781354d8a3c50e611e3b1cd413087",
        "type": "github"
      },
      "original": {
        "owner": "nix-community",
        "repo": "home-manager",
        "type": "github"
      }
    },
    "nix-flatpak": {
      "locked": {
        "lastModified": 1708781964,
        "narHash": "sha256-qbEZgB1mNuMADLmM64EtcRjDHXR3UFL4xVmoanv9wZU=",
        "owner": "gmodena",
        "repo": "nix-flatpak",
        "rev": "09d07c73b4d9771f527a168e0b1b6d8a1f39de28",
        "type": "github"
      },
      "original": {
        "owner": "gmodena",
        "repo": "nix-flatpak",
        "type": "github"
      }
    },
    "nixpkgs": {
      "locked": {
        "lastModified": 1710272261,
        "narHash": "sha256-g0bDwXFmTE7uGDOs9HcJsfLFhH7fOsASbAuOzDC+fhQ=",
        "owner": "NixOS",
        "repo": "nixpkgs",
        "rev": "0ad13a6833440b8e238947e47bea7f11071dc2b2",
        "type": "github"
      },
      "original": {
        "owner": "NixOS",
        "ref": "nixos-unstable",
        "repo": "nixpkgs",
        "type": "github"
      }
    },
    "nixpkgs-lib": {
      "locked": {
        "dir": "lib",
        "lastModified": 1709237383,
        "narHash": "sha256-cy6ArO4k5qTx+l5o+0mL9f5fa86tYUX3ozE1S+Txlds=",
        "owner": "NixOS",
        "repo": "nixpkgs",
        "rev": "1536926ef5621b09bba54035ae2bb6d806d72ac8",
        "type": "github"
      },
      "original": {
        "dir": "lib",
        "owner": "NixOS",
        "ref": "nixos-unstable",
        "repo": "nixpkgs",
        "type": "github"
      }
    },
    "piv-agent": {
      "flake": false,
      "locked": {
        "lastModified": 1709914098,
        "narHash": "sha256-oevwljSrFhK2jBXbJgLi3O38HP06gkk597u7lNPAJeI=",
        "owner": "smlx",
        "repo": "piv-agent",
        "rev": "c2427d40fd42e9f5a5c817cb386de95c0468c69e",
        "type": "github"
      },
      "original": {
        "owner": "smlx",
        "repo": "piv-agent",
        "type": "github"
      }
    },
    "root": {
      "inputs": {
        "disko": "disko",
        "flake-parts": "flake-parts",
        "home-manager": "home-manager",
        "nix-flatpak": "nix-flatpak",
        "nixpkgs": "nixpkgs",
        "piv-agent": "piv-agent"
      }
    }
  },
  "root": "root",
  "version": 7
}
